
Microsoft Visual Studio Solution File, Format Version 12.00
# Visual Studio Version 17
VisualStudioVersion = 17.14.36811.4 d17.14
MinimumVisualStudioVersion = 10.0.40219.1
Project("{FAE04EC0-301F-11D3-BF4B-00C04F79EFBC}") = "SampleApiForPipeline", "SampleApiForPipeline\SampleApiForPipeline.csproj", "{DF3E6CED-F25C-423E-9C52-8682B1CC3702}"
EndProject
Project("{FAE04EC0-301F-11D3-BF4B-00C04F79EFBC}") = "UnitTestProjectForApis", "UnitTestProjectForApis\UnitTestProjectForApis.csproj", "{65FEF2E5-A566-4C3C-8C5D-F9F57A67CAF4}"
EndProject
Global
	GlobalSection(SolutionConfigurationPlatforms) = preSolution
		Debug|Any CPU = Debug|Any CPU
		Release|Any CPU = Release|Any CPU
	EndGlobalSection
	GlobalSection(ProjectConfigurationPlatforms) = postSolution
		{DF3E6CED-F25C-423E-9C52-8682B1CC3702}.Debug|Any CPU.ActiveCfg = Debug|Any CPU
		{DF3E6CED-F25C-423E-9C52-8682B1CC3702}.Debug|Any CPU.Build.0 = Debug|Any CPU
		{DF3E6CED-F25C-423E-9C52-8682B1CC3702}.Release|Any CPU.ActiveCfg = Release|Any CPU
		{DF3E6CED-F25C-423E-9C52-8682B1CC3702}.Release|Any CPU.Build.0 = Release|Any CPU
		{65FEF2E5-A566-4C3C-8C5D-F9F57A67CAF4}.Debug|Any CPU.ActiveCfg = Debug|Any CPU
		{65FEF2E5-A566-4C3C-8C5D-F9F57A67CAF4}.Debug|Any CPU.Build.0 = Debug|Any CPU
		{65FEF2E5-A566-4C3C-8C5D-F9F57A67CAF4}.Release|Any CPU.ActiveCfg = Release|Any CPU
		{65FEF2E5-A566-4C3C-8C5D-F9F57A67CAF4}.Release|Any CPU.Build.0 = Release|Any CPU
	EndGlobalSection
	GlobalSection(SolutionProperties) = preSolution
		HideSolutionNode = FALSE
	EndGlobalSection
	GlobalSection(ExtensibilityGlobals) = postSolution
		SolutionGuid = {EB248371-D2A5-458D-B3D4-EC60003D025C}
	EndGlobalSection
EndGlobal
